
Microsoft Visual Studio Solution File, Format Version 12.00
# Visual Studio 15
VisualStudioVersion = 15.0.26730.16
MinimumVisualStudioVersion = 10.0.40219.1
Project("{FAE04EC0-301F-11D3-BF4B-00C04F79EFBC}") = "NuGetOffline", "NuGetOffline\NuGetOffline.csproj", "{5B3C7BC6-4460-43A7-8398-7C0BA6B438C1}"
EndProject
Global
	GlobalSection(SolutionConfigurationPlatforms) = preSolution
		Debug|Any CPU = Debug|Any CPU
		Release|Any CPU = Release|Any CPU
	EndGlobalSection
	GlobalSection(ProjectConfigurationPlatforms) = postSolution
		{5B3C7BC6-4460-43A7-8398-7C0BA6B438C1}.Debug|Any CPU.ActiveCfg = Debug|Any CPU
		{5B3C7BC6-4460-43A7-8398-7C0BA6B438C1}.Debug|Any CPU.Build.0 = Debug|Any CPU
		{5B3C7BC6-4460-43A7-8398-7C0BA6B438C1}.Release|Any CPU.ActiveCfg = Release|Any CPU
		{5B3C7BC6-4460-43A7-8398-7C0BA6B438C1}.Release|Any CPU.Build.0 = Release|Any CPU
	EndGlobalSection
	GlobalSection(SolutionProperties) = preSolution
		HideSolutionNode = FALSE
	EndGlobalSection
	GlobalSection(ExtensibilityGlobals) = postSolution
		SolutionGuid = {30B53A14-BE2E-4D84-A22B-EA8C5BFF494F}
	EndGlobalSection
EndGlobal
